
Microsoft Visual Studio Solution File, Format Version 12.00
# Visual Studio Version 17
VisualStudioVersion = 17.13.35825.156 d17.13
MinimumVisualStudioVersion = 10.0.40219.1
Project("{FAE04EC0-301F-11D3-BF4B-00C04F79EFBC}") = "WinFormsApp1", "WinFormsApp1\WinFormsApp1.csproj", "{085C42F9-3158-4500-B0E5-AD19790209BA}"
EndProject
Global
	GlobalSection(SolutionConfigurationPlatforms) = preSolution
		Debug|Any CPU = Debug|Any CPU
		Release|Any CPU = Release|Any CPU
	EndGlobalSection
	GlobalSection(ProjectConfigurationPlatforms) = postSolution
		{085C42F9-3158-4500-B0E5-AD19790209BA}.Debug|Any CPU.ActiveCfg = Debug|Any CPU
		{085C42F9-3158-4500-B0E5-AD19790209BA}.Debug|Any CPU.Build.0 = Debug|Any CPU
		{085C42F9-3158-4500-B0E5-AD19790209BA}.Release|Any CPU.ActiveCfg = Release|Any CPU
		{085C42F9-3158-4500-B0E5-AD19790209BA}.Release|Any CPU.Build.0 = Release|Any CPU
	EndGlobalSection
	GlobalSection(SolutionProperties) = preSolution
		HideSolutionNode = FALSE
	EndGlobalSection
	GlobalSection(ExtensibilityGlobals) = postSolution
		SolutionGuid = {0DC27EDB-15C1-4D96-A53D-6F292B278454}
	EndGlobalSection
EndGlobal
